// !$*UTF8*$!
{
	archiveVersion = 1;
	classes = {
	};
	objectVersion = 50;
	objects = {

/* Begin PBXBuildFile section */
		E983F29724639D630023CB8A /* TableViewController.m in Sources */ = {isa = PBXBuildFile; fileRef = E983F29624639D630023CB8A /* TableViewController.m */; };
		E983F29B24639E3A0023CB8A /* ButtonsController.m in Sources */ = {isa = PBXBuildFile; fileRef = E983F29924639E3A0023CB8A /* ButtonsController.m */; };
		E983F29C24639E3A0023CB8A /* ButtonsController.xib in Resources */ = {isa = PBXBuildFile; fileRef = E983F29A24639E3A0023CB8A /* ButtonsController.xib */; };
		E983F2A02463A5500023CB8A /* MyCustomGradientButton.m in Sources */ = {isa = PBXBuildFile; fileRef = E983F29F2463A5500023CB8A /* MyCustomGradientButton.m */; };
		E983F2A72463A8380023CB8A /* ImageViewsController.m in Sources */ = {isa = PBXBuildFile; fileRef = E983F2A52463A8380023CB8A /* ImageViewsController.m */; };
		E983F2A82463A8380023CB8A /* ImageViewsController.xib in Resources */ = {isa = PBXBuildFile; fileRef = E983F2A62463A8380023CB8A /* ImageViewsController.xib */; };
		E983F2AC2463A9F70023CB8A /* FieldController.m in Sources */ = {isa = PBXBuildFile; fileRef = E983F2AA2463A9F70023CB8A /* FieldController.m */; };
		E983F2AD2463A9F70023CB8A /* FieldController.xib in Resources */ = {isa = PBXBuildFile; fileRef = E983F2AB2463A9F70023CB8A /* FieldController.xib */; };
		E983F2B52463B9DA0023CB8A /* TextViewController.m in Sources */ = {isa = PBXBuildFile; fileRef = E983F2B32463B9DA0023CB8A /* TextViewController.m */; };
		E983F2B62463B9DA0023CB8A /* TextViewController.xib in Resources */ = {isa = PBXBuildFile; fileRef = E983F2B42463B9DA0023CB8A /* TextViewController.xib */; };
		E9BC4226246E3C060092831E /* SecurityController.m in Sources */ = {isa = PBXBuildFile; fileRef = E9BC4224246E3C060092831E /* SecurityController.m */; };
		E9BC4227246E3C060092831E /* SecurityController.xib in Resources */ = {isa = PBXBuildFile; fileRef = E9BC4225246E3C060092831E /* SecurityController.xib */; };
		E9BC427B246E7B180092831E /* AVFoundation.framework in Frameworks */ = {isa = PBXBuildFile; fileRef = E9BC427A246E7B180092831E /* AVFoundation.framework */; };
		E9BC427D246E7C150092831E /* Security.framework in Frameworks */ = {isa = PBXBuildFile; fileRef = E9BC427C246E7C140092831E /* Security.framework */; };
		E9BC42B9246E82D20092831E /* UIColor+TWL.m in Sources */ = {isa = PBXBuildFile; fileRef = E9BC4281246E82D20092831E /* UIColor+TWL.m */; };
		E9BC42BA246E82D20092831E /* UIView+TWL.m in Sources */ = {isa = PBXBuildFile; fileRef = E9BC4282246E82D20092831E /* UIView+TWL.m */; };
		E9BC42BB246E82D20092831E /* NSString+TWL.m in Sources */ = {isa = PBXBuildFile; fileRef = E9BC4283246E82D20092831E /* NSString+TWL.m */; };
		E9BC42BC246E82D20092831E /* NSDictionary+TWL.m in Sources */ = {isa = PBXBuildFile; fileRef = E9BC4284246E82D20092831E /* NSDictionary+TWL.m */; };
		E9BC42BD246E82D20092831E /* NSObject+TWL.m in Sources */ = {isa = PBXBuildFile; fileRef = E9BC4285246E82D20092831E /* NSObject+TWL.m */; };
		E9BC42BE246E82D20092831E /* NSMutableArray+TWL.m in Sources */ = {isa = PBXBuildFile; fileRef = E9BC4286246E82D20092831E /* NSMutableArray+TWL.m */; };
		E9BC42BF246E82D20092831E /* UIImage+TWL.m in Sources */ = {isa = PBXBuildFile; fileRef = E9BC428A246E82D20092831E /* UIImage+TWL.m */; };
		E9BC42C0246E82D20092831E /* NSArray+TWL.m in Sources */ = {isa = PBXBuildFile; fileRef = E9BC428E246E82D20092831E /* NSArray+TWL.m */; };
		E9BC42C1246E82D20092831E /* NSMutableDictionary+TWL.m in Sources */ = {isa = PBXBuildFile; fileRef = E9BC4291246E82D20092831E /* NSMutableDictionary+TWL.m */; };
		E9BC42C2246E82D20092831E /* TWLUIUtil.m in Sources */ = {isa = PBXBuildFile; fileRef = E9BC4293246E82D20092831E /* TWLUIUtil.m */; };
		E9BC42C3246E82D20092831E /* TWLVoicePlayer.m in Sources */ = {isa = PBXBuildFile; fileRef = E9BC4296246E82D20092831E /* TWLVoicePlayer.m */; };
		E9BC42C4246E82D20092831E /* TWLTextView.m in Sources */ = {isa = PBXBuildFile; fileRef = E9BC429A246E82D20092831E /* TWLTextView.m */; };
		E9BC42C5246E82D20092831E /* TWLWebView.m in Sources */ = {isa = PBXBuildFile; fileRef = E9BC429C246E82D20092831E /* TWLWebView.m */; };
		E9BC42C6246E82D20092831E /* TWLTextField.m in Sources */ = {isa = PBXBuildFile; fileRef = E9BC42A0246E82D20092831E /* TWLTextField.m */; };
		E9BC42C7246E82D20092831E /* TWLImageView.m in Sources */ = {isa = PBXBuildFile; fileRef = E9BC42A2246E82D20092831E /* TWLImageView.m */; };
		E9BC42C8246E82D20092831E /* TWLLoadingButton.m in Sources */ = {isa = PBXBuildFile; fileRef = E9BC42A5246E82D20092831E /* TWLLoadingButton.m */; };
		E9BC42C9246E82D20092831E /* TWLSendCodeButton.m in Sources */ = {isa = PBXBuildFile; fileRef = E9BC42A7246E82D20092831E /* TWLSendCodeButton.m */; };
		E9BC42CA246E82D20092831E /* TWLGradientButton.m in Sources */ = {isa = PBXBuildFile; fileRef = E9BC42A8246E82D20092831E /* TWLGradientButton.m */; };
		E9BC42CB246E82D20092831E /* TWLGradientNormalButton.m in Sources */ = {isa = PBXBuildFile; fileRef = E9BC42AA246E82D20092831E /* TWLGradientNormalButton.m */; };
		E9BC42CC246E82D20092831E /* TWLButton.m in Sources */ = {isa = PBXBuildFile; fileRef = E9BC42AE246E82D20092831E /* TWLButton.m */; };
		E9BC42CD246E82D20092831E /* TWLView.m in Sources */ = {isa = PBXBuildFile; fileRef = E9BC42B1246E82D20092831E /* TWLView.m */; };
		E9BC42CE246E82D20092831E /* TWLSecurity.m in Sources */ = {isa = PBXBuildFile; fileRef = E9BC42B3246E82D20092831E /* TWLSecurity.m */; };
		E9C9876F2459277D001F1DA6 /* AppDelegate.m in Sources */ = {isa = PBXBuildFile; fileRef = E9C9876E2459277D001F1DA6 /* AppDelegate.m */; };
		E9C987782459277D001F1DA6 /* Main.storyboard in Resources */ = {isa = PBXBuildFile; fileRef = E9C987762459277D001F1DA6 /* Main.storyboard */; };
		E9C9877A2459277F001F1DA6 /* Assets.xcassets in Resources */ = {isa = PBXBuildFile; fileRef = E9C987792459277F001F1DA6 /* Assets.xcassets */; };
		E9C9877D2459277F001F1DA6 /* LaunchScreen.storyboard in Resources */ = {isa = PBXBuildFile; fileRef = E9C9877B2459277F001F1DA6 /* LaunchScreen.storyboard */; };
		E9C987802459277F001F1DA6 /* main.m in Sources */ = {isa = PBXBuildFile; fileRef = E9C9877F2459277F001F1DA6 /* main.m */; };
		E9F3A477246CF2D1001205AE /* PlayerController.m in Sources */ = {isa = PBXBuildFile; fileRef = E9F3A475246CF2D1001205AE /* PlayerController.m */; };
		E9F3A478246CF2D1001205AE /* PlayerController.xib in Resources */ = {isa = PBXBuildFile; fileRef = E9F3A476246CF2D1001205AE /* PlayerController.xib */; };
/* End PBXBuildFile section */

/* Begin PBXFileReference section */
		E983F29524639D630023CB8A /* TableViewController.h */ = {isa = PBXFileReference; lastKnownFileType = sourcecode.c.h; path = TableViewController.h; sourceTree = "<group>"; };
		E983F29624639D630023CB8A /* TableViewController.m */ = {isa = PBXFileReference; lastKnownFileType = sourcecode.c.objc; path = TableViewController.m; sourceTree = "<group>"; };
		E983F29824639E3A0023CB8A /* ButtonsController.h */ = {isa = PBXFileReference; lastKnownFileType = sourcecode.c.h; path = ButtonsController.h; sourceTree = "<group>"; };
		E983F29924639E3A0023CB8A /* ButtonsController.m */ = {isa = PBXFileReference; lastKnownFileType = sourcecode.c.objc; path = ButtonsController.m; sourceTree = "<group>"; };
		E983F29A24639E3A0023CB8A /* ButtonsController.xib */ = {isa = PBXFileReference; lastKnownFileType = file.xib; path = ButtonsController.xib; sourceTree = "<group>"; };
		E983F29E2463A5500023CB8A /* MyCustomGradientButton.h */ = {isa = PBXFileReference; lastKnownFileType = sourcecode.c.h; path = MyCustomGradientButton.h; sourceTree = "<group>"; };
		E983F29F2463A5500023CB8A /* MyCustomGradientButton.m */ = {isa = PBXFileReference; lastKnownFileType = sourcecode.c.objc; path = MyCustomGradientButton.m; sourceTree = "<group>"; };
		E983F2A42463A8380023CB8A /* ImageViewsController.h */ = {isa = PBXFileReference; lastKnownFileType = sourcecode.c.h; path = ImageViewsController.h; sourceTree = "<group>"; };
		E983F2A52463A8380023CB8A /* ImageViewsController.m */ = {isa = PBXFileReference; lastKnownFileType = sourcecode.c.objc; path = ImageViewsController.m; sourceTree = "<group>"; };
		E983F2A62463A8380023CB8A /* ImageViewsController.xib */ = {isa = PBXFileReference; lastKnownFileType = file.xib; path = ImageViewsController.xib; sourceTree = "<group>"; };
		E983F2A92463A9F70023CB8A /* FieldController.h */ = {isa = PBXFileReference; lastKnownFileType = sourcecode.c.h; path = FieldController.h; sourceTree = "<group>"; };
		E983F2AA2463A9F70023CB8A /* FieldController.m */ = {isa = PBXFileReference; lastKnownFileType = sourcecode.c.objc; path = FieldController.m; sourceTree = "<group>"; };
		E983F2AB2463A9F70023CB8A /* FieldController.xib */ = {isa = PBXFileReference; lastKnownFileType = file.xib; path = FieldController.xib; sourceTree = "<group>"; };
		E983F2B22463B9DA0023CB8A /* TextViewController.h */ = {isa = PBXFileReference; lastKnownFileType = sourcecode.c.h; path = TextViewController.h; sourceTree = "<group>"; };
		E983F2B32463B9DA0023CB8A /* TextViewController.m */ = {isa = PBXFileReference; lastKnownFileType = sourcecode.c.objc; path = TextViewController.m; sourceTree = "<group>"; };
		E983F2B42463B9DA0023CB8A /* TextViewController.xib */ = {isa = PBXFileReference; lastKnownFileType = file.xib; path = TextViewController.xib; sourceTree = "<group>"; };
		E9BC4223246E3C060092831E /* SecurityController.h */ = {isa = PBXFileReference; lastKnownFileType = sourcecode.c.h; path = SecurityController.h; sourceTree = "<group>"; };
		E9BC4224246E3C060092831E /* SecurityController.m */ = {isa = PBXFileReference; lastKnownFileType = sourcecode.c.objc; path = SecurityController.m; sourceTree = "<group>"; };
		E9BC4225246E3C060092831E /* SecurityController.xib */ = {isa = PBXFileReference; lastKnownFileType = file.xib; path = SecurityController.xib; sourceTree = "<group>"; };
		E9BC427A246E7B180092831E /* AVFoundation.framework */ = {isa = PBXFileReference; lastKnownFileType = wrapper.framework; name = AVFoundation.framework; path = System/Library/Frameworks/AVFoundation.framework; sourceTree = SDKROOT; };
		E9BC427C246E7C140092831E /* Security.framework */ = {isa = PBXFileReference; lastKnownFileType = wrapper.framework; name = Security.framework; path = System/Library/Frameworks/Security.framework; sourceTree = SDKROOT; };
		E9BC4280246E82D20092831E /* UIImage+TWL.h */ = {isa = PBXFileReference; fileEncoding = 4; lastKnownFileType = sourcecode.c.h; path = "UIImage+TWL.h"; sourceTree = "<group>"; };
		E9BC4281246E82D20092831E /* UIColor+TWL.m */ = {isa = PBXFileReference; fileEncoding = 4; lastKnownFileType = sourcecode.c.objc; path = "UIColor+TWL.m"; sourceTree = "<group>"; };
		E9BC4282246E82D20092831E /* UIView+TWL.m */ = {isa = PBXFileReference; fileEncoding = 4; lastKnownFileType = sourcecode.c.objc; path = "UIView+TWL.m"; sourceTree = "<group>"; };
		E9BC4283246E82D20092831E /* NSString+TWL.m */ = {isa = PBXFileReference; fileEncoding = 4; lastKnownFileType = sourcecode.c.objc; path = "NSString+TWL.m"; sourceTree = "<group>"; };
		E9BC4284246E82D20092831E /* NSDictionary+TWL.m */ = {isa = PBXFileReference; fileEncoding = 4; lastKnownFileType = sourcecode.c.objc; path = "NSDictionary+TWL.m"; sourceTree = "<group>"; };
		E9BC4285246E82D20092831E /* NSObject+TWL.m */ = {isa = PBXFileReference; fileEncoding = 4; lastKnownFileType = sourcecode.c.objc; path = "NSObject+TWL.m"; sourceTree = "<group>"; };
		E9BC4286246E82D20092831E /* NSMutableArray+TWL.m */ = {isa = PBXFileReference; fileEncoding = 4; lastKnownFileType = sourcecode.c.objc; path = "NSMutableArray+TWL.m"; sourceTree = "<group>"; };
		E9BC4287246E82D20092831E /* NSArray+TWL.h */ = {isa = PBXFileReference; fileEncoding = 4; lastKnownFileType = sourcecode.c.h; path = "NSArray+TWL.h"; sourceTree = "<group>"; };
		E9BC4288246E82D20092831E /* NSMutableDictionary+TWL.h */ = {isa = PBXFileReference; fileEncoding = 4; lastKnownFileType = sourcecode.c.h; path = "NSMutableDictionary+TWL.h"; sourceTree = "<group>"; };
		E9BC4289246E82D20092831E /* UIColor+TWL.h */ = {isa = PBXFileReference; fileEncoding = 4; lastKnownFileType = sourcecode.c.h; path = "UIColor+TWL.h"; sourceTree = "<group>"; };
		E9BC428A246E82D20092831E /* UIImage+TWL.m */ = {isa = PBXFileReference; fileEncoding = 4; lastKnownFileType = sourcecode.c.objc; path = "UIImage+TWL.m"; sourceTree = "<group>"; };
		E9BC428B246E82D20092831E /* NSDictionary+TWL.h */ = {isa = PBXFileReference; fileEncoding = 4; lastKnownFileType = sourcecode.c.h; path = "NSDictionary+TWL.h"; sourceTree = "<group>"; };
		E9BC428C246E82D20092831E /* NSString+TWL.h */ = {isa = PBXFileReference; fileEncoding = 4; lastKnownFileType = sourcecode.c.h; path = "NSString+TWL.h"; sourceTree = "<group>"; };
		E9BC428D246E82D20092831E /* UIView+TWL.h */ = {isa = PBXFileReference; fileEncoding = 4; lastKnownFileType = sourcecode.c.h; path = "UIView+TWL.h"; sourceTree = "<group>"; };
		E9BC428E246E82D20092831E /* NSArray+TWL.m */ = {isa = PBXFileReference; fileEncoding = 4; lastKnownFileType = sourcecode.c.objc; path = "NSArray+TWL.m"; sourceTree = "<group>"; };
		E9BC428F246E82D20092831E /* NSMutableArray+TWL.h */ = {isa = PBXFileReference; fileEncoding = 4; lastKnownFileType = sourcecode.c.h; path = "NSMutableArray+TWL.h"; sourceTree = "<group>"; };
		E9BC4290246E82D20092831E /* NSObject+TWL.h */ = {isa = PBXFileReference; fileEncoding = 4; lastKnownFileType = sourcecode.c.h; path = "NSObject+TWL.h"; sourceTree = "<group>"; };
		E9BC4291246E82D20092831E /* NSMutableDictionary+TWL.m */ = {isa = PBXFileReference; fileEncoding = 4; lastKnownFileType = sourcecode.c.objc; path = "NSMutableDictionary+TWL.m"; sourceTree = "<group>"; };
		E9BC4293246E82D20092831E /* TWLUIUtil.m */ = {isa = PBXFileReference; fileEncoding = 4; lastKnownFileType = sourcecode.c.objc; path = TWLUIUtil.m; sourceTree = "<group>"; };
		E9BC4294246E82D20092831E /* TWLVoicePlayer.h */ = {isa = PBXFileReference; fileEncoding = 4; lastKnownFileType = sourcecode.c.h; path = TWLVoicePlayer.h; sourceTree = "<group>"; };
		E9BC4295246E82D20092831E /* TWLUIUtil.h */ = {isa = PBXFileReference; fileEncoding = 4; lastKnownFileType = sourcecode.c.h; path = TWLUIUtil.h; sourceTree = "<group>"; };
		E9BC4296246E82D20092831E /* TWLVoicePlayer.m */ = {isa = PBXFileReference; fileEncoding = 4; lastKnownFileType = sourcecode.c.objc; path = TWLVoicePlayer.m; sourceTree = "<group>"; };
		E9BC4299246E82D20092831E /* TWLTextView.h */ = {isa = PBXFileReference; fileEncoding = 4; lastKnownFileType = sourcecode.c.h; path = TWLTextView.h; sourceTree = "<group>"; };
		E9BC429A246E82D20092831E /* TWLTextView.m */ = {isa = PBXFileReference; fileEncoding = 4; lastKnownFileType = sourcecode.c.objc; path = TWLTextView.m; sourceTree = "<group>"; };
		E9BC429C246E82D20092831E /* TWLWebView.m */ = {isa = PBXFileReference; fileEncoding = 4; lastKnownFileType = sourcecode.c.objc; path = TWLWebView.m; sourceTree = "<group>"; };
		E9BC429D246E82D20092831E /* TWLWebView.h */ = {isa = PBXFileReference; fileEncoding = 4; lastKnownFileType = sourcecode.c.h; path = TWLWebView.h; sourceTree = "<group>"; };
		E9BC429F246E82D20092831E /* TWLTextField.h */ = {isa = PBXFileReference; fileEncoding = 4; lastKnownFileType = sourcecode.c.h; path = TWLTextField.h; sourceTree = "<group>"; };
		E9BC42A0246E82D20092831E /* TWLTextField.m */ = {isa = PBXFileReference; fileEncoding = 4; lastKnownFileType = sourcecode.c.objc; path = TWLTextField.m; sourceTree = "<group>"; };
		E9BC42A2246E82D20092831E /* TWLImageView.m */ = {isa = PBXFileReference; fileEncoding = 4; lastKnownFileType = sourcecode.c.objc; path = TWLImageView.m; sourceTree = "<group>"; };
		E9BC42A3246E82D20092831E /* TWLImageView.h */ = {isa = PBXFileReference; fileEncoding = 4; lastKnownFileType = sourcecode.c.h; path = TWLImageView.h; sourceTree = "<group>"; };
		E9BC42A5246E82D20092831E /* TWLLoadingButton.m */ = {isa = PBXFileReference; fileEncoding = 4; lastKnownFileType = sourcecode.c.objc; path = TWLLoadingButton.m; sourceTree = "<group>"; };
		E9BC42A6246E82D20092831E /* TWLGradientNormalButton.h */ = {isa = PBXFileReference; fileEncoding = 4; lastKnownFileType = sourcecode.c.h; path = TWLGradientNormalButton.h; sourceTree = "<group>"; };
		E9BC42A7246E82D20092831E /* TWLSendCodeButton.m */ = {isa = PBXFileReference; fileEncoding = 4; lastKnownFileType = sourcecode.c.objc; path = TWLSendCodeButton.m; sourceTree = "<group>"; };
		E9BC42A8246E82D20092831E /* TWLGradientButton.m */ = {isa = PBXFileReference; fileEncoding = 4; lastKnownFileType = sourcecode.c.objc; path = TWLGradientButton.m; sourceTree = "<group>"; };
		E9BC42A9246E82D20092831E /* TWLButton.h */ = {isa = PBXFileReference; fileEncoding = 4; lastKnownFileType = sourcecode.c.h; path = TWLButton.h; sourceTree = "<group>"; };
		E9BC42AA246E82D20092831E /* TWLGradientNormalButton.m */ = {isa = PBXFileReference; fileEncoding = 4; lastKnownFileType = sourcecode.c.objc; path = TWLGradientNormalButton.m; sourceTree = "<group>"; };
		E9BC42AB246E82D20092831E /* TWLLoadingButton.h */ = {isa = PBXFileReference; fileEncoding = 4; lastKnownFileType = sourcecode.c.h; path = TWLLoadingButton.h; sourceTree = "<group>"; };
		E9BC42AC246E82D20092831E /* TWLSendCodeButton.h */ = {isa = PBXFileReference; fileEncoding = 4; lastKnownFileType = sourcecode.c.h; path = TWLSendCodeButton.h; sourceTree = "<group>"; };
		E9BC42AD246E82D20092831E /* TWLGradientButton.h */ = {isa = PBXFileReference; fileEncoding = 4; lastKnownFileType = sourcecode.c.h; path = TWLGradientButton.h; sourceTree = "<group>"; };
		E9BC42AE246E82D20092831E /* TWLButton.m */ = {isa = PBXFileReference; fileEncoding = 4; lastKnownFileType = sourcecode.c.objc; path = TWLButton.m; sourceTree = "<group>"; };
		E9BC42B0246E82D20092831E /* TWLView.h */ = {isa = PBXFileReference; fileEncoding = 4; lastKnownFileType = sourcecode.c.h; path = TWLView.h; sourceTree = "<group>"; };
		E9BC42B1246E82D20092831E /* TWLView.m */ = {isa = PBXFileReference; fileEncoding = 4; lastKnownFileType = sourcecode.c.objc; path = TWLView.m; sourceTree = "<group>"; };
		E9BC42B3246E82D20092831E /* TWLSecurity.m */ = {isa = PBXFileReference; fileEncoding = 4; lastKnownFileType = sourcecode.c.objc; path = TWLSecurity.m; sourceTree = "<group>"; };
		E9BC42B4246E82D20092831E /* TWLSecurity.h */ = {isa = PBXFileReference; fileEncoding = 4; lastKnownFileType = sourcecode.c.h; path = TWLSecurity.h; sourceTree = "<group>"; };
		E9BC42B6246E82D20092831E /* TWLBlocks.h */ = {isa = PBXFileReference; fileEncoding = 4; lastKnownFileType = sourcecode.c.h; path = TWLBlocks.h; sourceTree = "<group>"; };
		E9BC42B7246E82D20092831E /* TWLConst.h */ = {isa = PBXFileReference; fileEncoding = 4; lastKnownFileType = sourcecode.c.h; path = TWLConst.h; sourceTree = "<group>"; };
		E9BC42B8246E82D20092831E /* TWLOCKit.h */ = {isa = PBXFileReference; fileEncoding = 4; lastKnownFileType = sourcecode.c.h; path = TWLOCKit.h; sourceTree = "<group>"; };
		E9C9876A2459277D001F1DA6 /* TWLOCKit.app */ = {isa = PBXFileReference; explicitFileType = wrapper.application; includeInIndex = 0; path = TWLOCKit.app; sourceTree = BUILT_PRODUCTS_DIR; };
		E9C9876D2459277D001F1DA6 /* AppDelegate.h */ = {isa = PBXFileReference; lastKnownFileType = sourcecode.c.h; path = AppDelegate.h; sourceTree = "<group>"; };
		E9C9876E2459277D001F1DA6 /* AppDelegate.m */ = {isa = PBXFileReference; lastKnownFileType = sourcecode.c.objc; path = AppDelegate.m; sourceTree = "<group>"; };
		E9C987772459277D001F1DA6 /* Base */ = {isa = PBXFileReference; lastKnownFileType = file.storyboard; name = Base; path = Base.lproj/Main.storyboard; sourceTree = "<group>"; };
		E9C987792459277F001F1DA6 /* Assets.xcassets */ = {isa = PBXFileReference; lastKnownFileType = folder.assetcatalog; path = Assets.xcassets; sourceTree = "<group>"; };
		E9C9877C2459277F001F1DA6 /* Base */ = {isa = PBXFileReference; lastKnownFileType = file.storyboard; name = Base; path = Base.lproj/LaunchScreen.storyboard; sourceTree = "<group>"; };
		E9C9877E2459277F001F1DA6 /* Info.plist */ = {isa = PBXFileReference; lastKnownFileType = text.plist.xml; path = Info.plist; sourceTree = "<group>"; };
		E9C9877F2459277F001F1DA6 /* main.m */ = {isa = PBXFileReference; lastKnownFileType = sourcecode.c.objc; path = main.m; sourceTree = "<group>"; };
		E9F3A474246CF2D1001205AE /* PlayerController.h */ = {isa = PBXFileReference; lastKnownFileType = sourcecode.c.h; path = PlayerController.h; sourceTree = "<group>"; };
		E9F3A475246CF2D1001205AE /* PlayerController.m */ = {isa = PBXFileReference; lastKnownFileType = sourcecode.c.objc; path = PlayerController.m; sourceTree = "<group>"; };
		E9F3A476246CF2D1001205AE /* PlayerController.xib */ = {isa = PBXFileReference; lastKnownFileType = file.xib; path = PlayerController.xib; sourceTree = "<group>"; };
/* End PBXFileReference section */

/* Begin PBXFrameworksBuildPhase section */
		E9C987672459277D001F1DA6 /* Frameworks */ = {
			isa = PBXFrameworksBuildPhase;
			buildActionMask = 2147483647;
			files = (
				E9BC427D246E7C150092831E /* Security.framework in Frameworks */,
				E9BC427B246E7B180092831E /* AVFoundation.framework in Frameworks */,
			);
			runOnlyForDeploymentPostprocessing = 0;
		};
/* End PBXFrameworksBuildPhase section */

/* Begin PBXGroup section */
		E983F29424639C9E0023CB8A /* Example */ = {
			isa = PBXGroup;
			children = (
				E983F29824639E3A0023CB8A /* ButtonsController.h */,
				E983F29924639E3A0023CB8A /* ButtonsController.m */,
				E983F29A24639E3A0023CB8A /* ButtonsController.xib */,
				E983F29E2463A5500023CB8A /* MyCustomGradientButton.h */,
				E983F29F2463A5500023CB8A /* MyCustomGradientButton.m */,
				E983F2A42463A8380023CB8A /* ImageViewsController.h */,
				E983F2A52463A8380023CB8A /* ImageViewsController.m */,
				E983F2A62463A8380023CB8A /* ImageViewsController.xib */,
				E983F2A92463A9F70023CB8A /* FieldController.h */,
				E983F2AA2463A9F70023CB8A /* FieldController.m */,
				E983F2AB2463A9F70023CB8A /* FieldController.xib */,
				E983F2B22463B9DA0023CB8A /* TextViewController.h */,
				E983F2B32463B9DA0023CB8A /* TextViewController.m */,
				E983F2B42463B9DA0023CB8A /* TextViewController.xib */,
				E9F3A474246CF2D1001205AE /* PlayerController.h */,
				E9F3A475246CF2D1001205AE /* PlayerController.m */,
				E9F3A476246CF2D1001205AE /* PlayerController.xib */,
				E9BC4223246E3C060092831E /* SecurityController.h */,
				E9BC4224246E3C060092831E /* SecurityController.m */,
				E9BC4225246E3C060092831E /* SecurityController.xib */,
			);
			path = Example;
			sourceTree = "<group>";
		};
		E9BC4279246E7B170092831E /* Frameworks */ = {
			isa = PBXGroup;
			children = (
				E9BC427C246E7C140092831E /* Security.framework */,
				E9BC427A246E7B180092831E /* AVFoundation.framework */,
			);
			name = Frameworks;
			sourceTree = "<group>";
		};
		E9BC427E246E82D20092831E /* TWLOCKit */ = {
			isa = PBXGroup;
			children = (
				E9BC427F246E82D20092831E /* Category */,
				E9BC42B5246E82D20092831E /* Const */,
				E9BC42B2246E82D20092831E /* Security */,
				E9BC42B8246E82D20092831E /* TWLOCKit.h */,
				E9BC4297246E82D20092831E /* UIView */,
				E9BC4292246E82D20092831E /* Util */,
			);
			path = TWLOCKit;
			sourceTree = "<group>";
		};
		E9BC427F246E82D20092831E /* Category */ = {
			isa = PBXGroup;
			children = (
				E9BC4287246E82D20092831E /* NSArray+TWL.h */,
				E9BC428E246E82D20092831E /* NSArray+TWL.m */,
				E9BC428B246E82D20092831E /* NSDictionary+TWL.h */,
				E9BC4284246E82D20092831E /* NSDictionary+TWL.m */,
				E9BC428F246E82D20092831E /* NSMutableArray+TWL.h */,
				E9BC4286246E82D20092831E /* NSMutableArray+TWL.m */,
				E9BC4288246E82D20092831E /* NSMutableDictionary+TWL.h */,
				E9BC4291246E82D20092831E /* NSMutableDictionary+TWL.m */,
				E9BC4290246E82D20092831E /* NSObject+TWL.h */,
				E9BC4285246E82D20092831E /* NSObject+TWL.m */,
				E9BC428C246E82D20092831E /* NSString+TWL.h */,
				E9BC4283246E82D20092831E /* NSString+TWL.m */,
				E9BC4289246E82D20092831E /* UIColor+TWL.h */,
				E9BC4281246E82D20092831E /* UIColor+TWL.m */,
				E9BC4280246E82D20092831E /* UIImage+TWL.h */,
				E9BC428A246E82D20092831E /* UIImage+TWL.m */,
				E9BC428D246E82D20092831E /* UIView+TWL.h */,
				E9BC4282246E82D20092831E /* UIView+TWL.m */,
			);
			path = Category;
			sourceTree = "<group>";
		};
		E9BC4292246E82D20092831E /* Util */ = {
			isa = PBXGroup;
			children = (
				E9BC4295246E82D20092831E /* TWLUIUtil.h */,
				E9BC4293246E82D20092831E /* TWLUIUtil.m */,
				E9BC4294246E82D20092831E /* TWLVoicePlayer.h */,
				E9BC4296246E82D20092831E /* TWLVoicePlayer.m */,
			);
			path = Util;
			sourceTree = "<group>";
		};
		E9BC4297246E82D20092831E /* UIView */ = {
			isa = PBXGroup;
			children = (
				E9BC42A4246E82D20092831E /* Button */,
				E9BC429E246E82D20092831E /* Field */,
				E9BC42A1246E82D20092831E /* Image */,
				E9BC4298246E82D20092831E /* TextView */,
				E9BC42AF246E82D20092831E /* View */,
				E9BC429B246E82D20092831E /* Web */,
			);
			path = UIView;
			sourceTree = "<group>";
		};
		E9BC4298246E82D20092831E /* TextView */ = {
			isa = PBXGroup;
			children = (
				E9BC4299246E82D20092831E /* TWLTextView.h */,
				E9BC429A246E82D20092831E /* TWLTextView.m */,
			);
			path = TextView;
			sourceTree = "<group>";
		};
		E9BC429B246E82D20092831E /* Web */ = {
			isa = PBXGroup;
			children = (
				E9BC429C246E82D20092831E /* TWLWebView.m */,
				E9BC429D246E82D20092831E /* TWLWebView.h */,
			);
			path = Web;
			sourceTree = "<group>";
		};
		E9BC429E246E82D20092831E /* Field */ = {
			isa = PBXGroup;
			children = (
				E9BC429F246E82D20092831E /* TWLTextField.h */,
				E9BC42A0246E82D20092831E /* TWLTextField.m */,
			);
			path = Field;
			sourceTree = "<group>";
		};
		E9BC42A1246E82D20092831E /* Image */ = {
			isa = PBXGroup;
			children = (
				E9BC42A2246E82D20092831E /* TWLImageView.m */,
				E9BC42A3246E82D20092831E /* TWLImageView.h */,
			);
			path = Image;
			sourceTree = "<group>";
		};
		E9BC42A4246E82D20092831E /* Button */ = {
			isa = PBXGroup;
			children = (
				E9BC42A9246E82D20092831E /* TWLButton.h */,
				E9BC42AE246E82D20092831E /* TWLButton.m */,
				E9BC42AD246E82D20092831E /* TWLGradientButton.h */,
				E9BC42A8246E82D20092831E /* TWLGradientButton.m */,
				E9BC42A6246E82D20092831E /* TWLGradientNormalButton.h */,
				E9BC42AA246E82D20092831E /* TWLGradientNormalButton.m */,
				E9BC42AB246E82D20092831E /* TWLLoadingButton.h */,
				E9BC42A5246E82D20092831E /* TWLLoadingButton.m */,
				E9BC42AC246E82D20092831E /* TWLSendCodeButton.h */,
				E9BC42A7246E82D20092831E /* TWLSendCodeButton.m */,
			);
			path = Button;
			sourceTree = "<group>";
		};
		E9BC42AF246E82D20092831E /* View */ = {
			isa = PBXGroup;
			children = (
				E9BC42B0246E82D20092831E /* TWLView.h */,
				E9BC42B1246E82D20092831E /* TWLView.m */,
			);
			path = View;
			sourceTree = "<group>";
		};
		E9BC42B2246E82D20092831E /* Security */ = {
			isa = PBXGroup;
			children = (
				E9BC42B3246E82D20092831E /* TWLSecurity.m */,
				E9BC42B4246E82D20092831E /* TWLSecurity.h */,
			);
			path = Security;
			sourceTree = "<group>";
		};
		E9BC42B5246E82D20092831E /* Const */ = {
			isa = PBXGroup;
			children = (
				E9BC42B6246E82D20092831E /* TWLBlocks.h */,
				E9BC42B7246E82D20092831E /* TWLConst.h */,
			);
			path = Const;
			sourceTree = "<group>";
		};
		E9C987612459277D001F1DA6 = {
			isa = PBXGroup;
			children = (
				E9C9876C2459277D001F1DA6 /* TWLOCKit */,
				E9C9876B2459277D001F1DA6 /* Products */,
				E9BC4279246E7B170092831E /* Frameworks */,
			);
			sourceTree = "<group>";
		};
		E9C9876B2459277D001F1DA6 /* Products */ = {
			isa = PBXGroup;
			children = (
				E9C9876A2459277D001F1DA6 /* TWLOCKit.app */,
			);
			name = Products;
			sourceTree = "<group>";
		};
		E9C9876C2459277D001F1DA6 /* TWLOCKit */ = {
			isa = PBXGroup;
			children = (
				E9BC427E246E82D20092831E /* TWLOCKit */,
				E983F29424639C9E0023CB8A /* Example */,
				E9C9876D2459277D001F1DA6 /* AppDelegate.h */,
				E9C9876E2459277D001F1DA6 /* AppDelegate.m */,
				E9C987762459277D001F1DA6 /* Main.storyboard */,
				E9C987792459277F001F1DA6 /* Assets.xcassets */,
				E9C9877B2459277F001F1DA6 /* LaunchScreen.storyboard */,
				E9C9877E2459277F001F1DA6 /* Info.plist */,
				E9C9877F2459277F001F1DA6 /* main.m */,
				E983F29524639D630023CB8A /* TableViewController.h */,
				E983F29624639D630023CB8A /* TableViewController.m */,
			);
			path = TWLOCKit;
			sourceTree = "<group>";
		};
/* End PBXGroup section */

/* Begin PBXNativeTarget section */
		E9C987692459277D001F1DA6 /* TWLOCKit */ = {
			isa = PBXNativeTarget;
			buildConfigurationList = E9C987832459277F001F1DA6 /* Build configuration list for PBXNativeTarget "TWLOCKit" */;
			buildPhases = (
				E9C987662459277D001F1DA6 /* Sources */,
				E9C987672459277D001F1DA6 /* Frameworks */,
				E9C987682459277D001F1DA6 /* Resources */,
			);
			buildRules = (
			);
			dependencies = (
			);
			name = TWLOCKit;
			productName = TWLOCKit;
			productReference = E9C9876A2459277D001F1DA6 /* TWLOCKit.app */;
			productType = "com.apple.product-type.application";
		};
/* End PBXNativeTarget section */

/* Begin PBXProject section */
		E9C987622459277D001F1DA6 /* Project object */ = {
			isa = PBXProject;
			attributes = {
				CLASSPREFIX = TWL;
				LastUpgradeCheck = 1140;
				ORGANIZATIONNAME = "唐万龙";
				TargetAttributes = {
					E9C987692459277D001F1DA6 = {
						CreatedOnToolsVersion = 11.4;
					};
				};
			};
			buildConfigurationList = E9C987652459277D001F1DA6 /* Build configuration list for PBXProject "TWLOCKit" */;
			compatibilityVersion = "Xcode 9.3";
			developmentRegion = en;
			hasScannedForEncodings = 0;
			knownRegions = (
				en,
				Base,
			);
			mainGroup = E9C987612459277D001F1DA6;
			productRefGroup = E9C9876B2459277D001F1DA6 /* Products */;
			projectDirPath = "";
			projectRoot = "";
			targets = (
				E9C987692459277D001F1DA6 /* TWLOCKit */,
			);
		};
/* End PBXProject section */

/* Begin PBXResourcesBuildPhase section */
		E9C987682459277D001F1DA6 /* Resources */ = {
			isa = PBXResourcesBuildPhase;
			buildActionMask = 2147483647;
			files = (
				E9C9877D2459277F001F1DA6 /* LaunchScreen.storyboard in Resources */,
				E983F29C24639E3A0023CB8A /* ButtonsController.xib in Resources */,
				E983F2AD2463A9F70023CB8A /* FieldController.xib in Resources */,
				E9C9877A2459277F001F1DA6 /* Assets.xcassets in Resources */,
				E9BC4227246E3C060092831E /* SecurityController.xib in Resources */,
				E9C987782459277D001F1DA6 /* Main.storyboard in Resources */,
				E983F2A82463A8380023CB8A /* ImageViewsController.xib in Resources */,
				E9F3A478246CF2D1001205AE /* PlayerController.xib in Resources */,
				E983F2B62463B9DA0023CB8A /* TextViewController.xib in Resources */,
			);
			runOnlyForDeploymentPostprocessing = 0;
		};
/* End PBXResourcesBuildPhase section */

/* Begin PBXSourcesBuildPhase section */
		E9C987662459277D001F1DA6 /* Sources */ = {
			isa = PBXSourcesBuildPhase;
			buildActionMask = 2147483647;
			files = (
				E983F2B52463B9DA0023CB8A /* TextViewController.m in Sources */,
				E9BC42C4246E82D20092831E /* TWLTextView.m in Sources */,
				E983F2A02463A5500023CB8A /* MyCustomGradientButton.m in Sources */,
				E9BC42BE246E82D20092831E /* NSMutableArray+TWL.m in Sources */,
				E9BC42C7246E82D20092831E /* TWLImageView.m in Sources */,
				E983F29B24639E3A0023CB8A /* ButtonsController.m in Sources */,
				E9BC42C9246E82D20092831E /* TWLSendCodeButton.m in Sources */,
				E9BC42BD246E82D20092831E /* NSObject+TWL.m in Sources */,
				E9BC42CC246E82D20092831E /* TWLButton.m in Sources */,
				E983F2AC2463A9F70023CB8A /* FieldController.m in Sources */,
				E9BC42C6246E82D20092831E /* TWLTextField.m in Sources */,
				E9BC42CA246E82D20092831E /* TWLGradientButton.m in Sources */,
				E9C9876F2459277D001F1DA6 /* AppDelegate.m in Sources */,
				E9C987802459277F001F1DA6 /* main.m in Sources */,
				E9BC42BB246E82D20092831E /* NSString+TWL.m in Sources */,
				E9BC42C2246E82D20092831E /* TWLUIUtil.m in Sources */,
				E9BC42C0246E82D20092831E /* NSArray+TWL.m in Sources */,
				E9BC42C1246E82D20092831E /* NSMutableDictionary+TWL.m in Sources */,
				E9BC42BC246E82D20092831E /* NSDictionary+TWL.m in Sources */,
				E9BC42C5246E82D20092831E /* TWLWebView.m in Sources */,
				E9BC42B9246E82D20092831E /* UIColor+TWL.m in Sources */,
				E9BC42CE246E82D20092831E /* TWLSecurity.m in Sources */,
				E9BC42CD246E82D20092831E /* TWLView.m in Sources */,
				E9BC42C3246E82D20092831E /* TWLVoicePlayer.m in Sources */,
				E983F2A72463A8380023CB8A /* ImageViewsController.m in Sources */,
				E9F3A477246CF2D1001205AE /* PlayerController.m in Sources */,
				E9BC42CB246E82D20092831E /* TWLGradientNormalButton.m in Sources */,
				E9BC42C8246E82D20092831E /* TWLLoadingButton.m in Sources */,
				E983F29724639D630023CB8A /* TableViewController.m in Sources */,
				E9BC42BF246E82D20092831E /* UIImage+TWL.m in Sources */,
				E9BC42BA246E82D20092831E /* UIView+TWL.m in Sources */,
				E9BC4226246E3C060092831E /* SecurityController.m in Sources */,
			);
			runOnlyForDeploymentPostprocessing = 0;
		};
/* End PBXSourcesBuildPhase section */

/* Begin PBXVariantGroup section */
		E9C987762459277D001F1DA6 /* Main.storyboard */ = {
			isa = PBXVariantGroup;
			children = (
				E9C987772459277D001F1DA6 /* Base */,
			);
			name = Main.storyboard;
			sourceTree = "<group>";
		};
		E9C9877B2459277F001F1DA6 /* LaunchScreen.storyboard */ = {
			isa = PBXVariantGroup;
			children = (
				E9C9877C2459277F001F1DA6 /* Base */,
			);
			name = LaunchScreen.storyboard;
			sourceTree = "<group>";
		};
/* End PBXVariantGroup section */

/* Begin XCBuildConfiguration section */
		E9C987812459277F001F1DA6 /* Debug */ = {
			isa = XCBuildConfiguration;
			buildSettings = {
				ALWAYS_SEARCH_USER_PATHS = NO;
				CLANG_ANALYZER_NONNULL = YES;
				CLANG_ANALYZER_NUMBER_OBJECT_CONVERSION = YES_AGGRESSIVE;
				CLANG_CXX_LANGUAGE_STANDARD = "gnu++14";
				CLANG_CXX_LIBRARY = "libc++";
				CLANG_ENABLE_MODULES = YES;
				CLANG_ENABLE_OBJC_ARC = YES;
				CLANG_ENABLE_OBJC_WEAK = YES;
				CLANG_WARN_BLOCK_CAPTURE_AUTORELEASING = YES;
				CLANG_WARN_BOOL_CONVERSION = YES;
				CLANG_WARN_COMMA = YES;
				CLANG_WARN_CONSTANT_CONVERSION = YES;
				CLANG_WARN_DEPRECATED_OBJC_IMPLEMENTATIONS = YES;
				CLANG_WARN_DIRECT_OBJC_ISA_USAGE = YES_ERROR;
				CLANG_WARN_DOCUMENTATION_COMMENTS = YES;
				CLANG_WARN_EMPTY_BODY = YES;
				CLANG_WARN_ENUM_CONVERSION = YES;
				CLANG_WARN_INFINITE_RECURSION = YES;
				CLANG_WARN_INT_CONVERSION = YES;
				CLANG_WARN_NON_LITERAL_NULL_CONVERSION = YES;
				CLANG_WARN_OBJC_IMPLICIT_RETAIN_SELF = YES;
				CLANG_WARN_OBJC_LITERAL_CONVERSION = YES;
				CLANG_WARN_OBJC_ROOT_CLASS = YES_ERROR;
				CLANG_WARN_RANGE_LOOP_ANALYSIS = YES;
				CLANG_WARN_STRICT_PROTOTYPES = YES;
				CLANG_WARN_SUSPICIOUS_MOVE = YES;
				CLANG_WARN_UNGUARDED_AVAILABILITY = YES_AGGRESSIVE;
				CLANG_WARN_UNREACHABLE_CODE = YES;
				CLANG_WARN__DUPLICATE_METHOD_MATCH = YES;
				COPY_PHASE_STRIP = NO;
				DEBUG_INFORMATION_FORMAT = dwarf;
				ENABLE_STRICT_OBJC_MSGSEND = YES;
				ENABLE_TESTABILITY = YES;
				GCC_C_LANGUAGE_STANDARD = gnu11;
				GCC_DYNAMIC_NO_PIC = NO;
				GCC_NO_COMMON_BLOCKS = YES;
				GCC_OPTIMIZATION_LEVEL = 0;
				GCC_PREPROCESSOR_DEFINITIONS = (
					"DEBUG=1",
					"$(inherited)",
				);
				GCC_WARN_64_TO_32_BIT_CONVERSION = YES;
				GCC_WARN_ABOUT_RETURN_TYPE = YES_ERROR;
				GCC_WARN_UNDECLARED_SELECTOR = YES;
				GCC_WARN_UNINITIALIZED_AUTOS = YES_AGGRESSIVE;
				GCC_WARN_UNUSED_FUNCTION = YES;
				GCC_WARN_UNUSED_VARIABLE = YES;
				IPHONEOS_DEPLOYMENT_TARGET = 13.4;
				MTL_ENABLE_DEBUG_INFO = INCLUDE_SOURCE;
				MTL_FAST_MATH = YES;
				ONLY_ACTIVE_ARCH = YES;
				SDKROOT = iphoneos;
			};
			name = Debug;
		};
		E9C987822459277F001F1DA6 /* Release */ = {
			isa = XCBuildConfiguration;
			buildSettings = {
				ALWAYS_SEARCH_USER_PATHS = NO;
				CLANG_ANALYZER_NONNULL = YES;
				CLANG_ANALYZER_NUMBER_OBJECT_CONVERSION = YES_AGGRESSIVE;
				CLANG_CXX_LANGUAGE_STANDARD = "gnu++14";
				CLANG_CXX_LIBRARY = "libc++";
				CLANG_ENABLE_MODULES = YES;
				CLANG_ENABLE_OBJC_ARC = YES;
				CLANG_ENABLE_OBJC_WEAK = YES;
				CLANG_WARN_BLOCK_CAPTURE_AUTORELEASING = YES;
				CLANG_WARN_BOOL_CONVERSION = YES;
				CLANG_WARN_COMMA = YES;
				CLANG_WARN_CONSTANT_CONVERSION = YES;
				CLANG_WARN_DEPRECATED_OBJC_IMPLEMENTATIONS = YES;
				CLANG_WARN_DIRECT_OBJC_ISA_USAGE = YES_ERROR;
				CLANG_WARN_DOCUMENTATION_COMMENTS = YES;
				CLANG_WARN_EMPTY_BODY = YES;
				CLANG_WARN_ENUM_CONVERSION = YES;
				CLANG_WARN_INFINITE_RECURSION = YES;
				CLANG_WARN_INT_CONVERSION = YES;
				CLANG_WARN_NON_LITERAL_NULL_CONVERSION = YES;
				CLANG_WARN_OBJC_IMPLICIT_RETAIN_SELF = YES;
				CLANG_WARN_OBJC_LITERAL_CONVERSION = YES;
				CLANG_WARN_OBJC_ROOT_CLASS = YES_ERROR;
				CLANG_WARN_RANGE_LOOP_ANALYSIS = YES;
				CLANG_WARN_STRICT_PROTOTYPES = YES;
				CLANG_WARN_SUSPICIOUS_MOVE = YES;
				CLANG_WARN_UNGUARDED_AVAILABILITY = YES_AGGRESSIVE;
				CLANG_WARN_UNREACHABLE_CODE = YES;
				CLANG_WARN__DUPLICATE_METHOD_MATCH = YES;
				COPY_PHASE_STRIP = NO;
				DEBUG_INFORMATION_FORMAT = "dwarf-with-dsym";
				ENABLE_NS_ASSERTIONS = NO;
				ENABLE_STRICT_OBJC_MSGSEND = YES;
				GCC_C_LANGUAGE_STANDARD = gnu11;
				GCC_NO_COMMON_BLOCKS = YES;
				GCC_WARN_64_TO_32_BIT_CONVERSION = YES;
				GCC_WARN_ABOUT_RETURN_TYPE = YES_ERROR;
				GCC_WARN_UNDECLARED_SELECTOR = YES;
				GCC_WARN_UNINITIALIZED_AUTOS = YES_AGGRESSIVE;
				GCC_WARN_UNUSED_FUNCTION = YES;
				GCC_WARN_UNUSED_VARIABLE = YES;
				IPHONEOS_DEPLOYMENT_TARGET = 13.4;
				MTL_ENABLE_DEBUG_INFO = NO;
				MTL_FAST_MATH = YES;
				SDKROOT = iphoneos;
				VALIDATE_PRODUCT = YES;
			};
			name = Release;
		};
		E9C987842459277F001F1DA6 /* Debug */ = {
			isa = XCBuildConfiguration;
			buildSettings = {
				ASSETCATALOG_COMPILER_APPICON_NAME = AppIcon;
				CODE_SIGN_STYLE = Automatic;
				DEVELOPMENT_TEAM = M6ADTQ6ADM;
				GCC_INCREASE_PRECOMPILED_HEADER_SHARING = NO;
				GCC_PRECOMPILE_PREFIX_HEADER = YES;
				GCC_PREFIX_HEADER = "";
				INFOPLIST_FILE = TWLOCKit/Info.plist;
				IPHONEOS_DEPLOYMENT_TARGET = 9.0;
				LD_RUNPATH_SEARCH_PATHS = (
					"$(inherited)",
					"@executable_path/Frameworks",
				);
				MARKETING_VERSION = 1.0.0;
				PRODUCT_BUNDLE_IDENTIFIER = wan.long.TWLOCKit;
				PRODUCT_NAME = "$(TARGET_NAME)";
				TARGETED_DEVICE_FAMILY = "1,2";
			};
			name = Debug;
		};
		E9C987852459277F001F1DA6 /* Release */ = {
			isa = XCBuildConfiguration;
			buildSettings = {
				ASSETCATALOG_COMPILER_APPICON_NAME = AppIcon;
				CODE_SIGN_STYLE = Automatic;
				DEVELOPMENT_TEAM = M6ADTQ6ADM;
				GCC_INCREASE_PRECOMPILED_HEADER_SHARING = NO;
				GCC_PRECOMPILE_PREFIX_HEADER = YES;
				GCC_PREFIX_HEADER = "";
				INFOPLIST_FILE = TWLOCKit/Info.plist;
				IPHONEOS_DEPLOYMENT_TARGET = 9.0;
				LD_RUNPATH_SEARCH_PATHS = (
					"$(inherited)",
					"@executable_path/Frameworks",
				);
				MARKETING_VERSION = 1.0.0;
				PRODUCT_BUNDLE_IDENTIFIER = wan.long.TWLOCKit;
				PRODUCT_NAME = "$(TARGET_NAME)";
				TARGETED_DEVICE_FAMILY = "1,2";
			};
			name = Release;
		};
/* End XCBuildConfiguration section */

/* Begin XCConfigurationList section */
		E9C987652459277D001F1DA6 /* Build configuration list for PBXProject "TWLOCKit" */ = {
			isa = XCConfigurationList;
			buildConfigurations = (
				E9C987812459277F001F1DA6 /* Debug */,
				E9C987822459277F001F1DA6 /* Release */,
			);
			defaultConfigurationIsVisible = 0;
			defaultConfigurationName = Release;
		};
		E9C987832459277F001F1DA6 /* Build configuration list for PBXNativeTarget "TWLOCKit" */ = {
			isa = XCConfigurationList;
			buildConfigurations = (
				E9C987842459277F001F1DA6 /* Debug */,
				E9C987852459277F001F1DA6 /* Release */,
			);
			defaultConfigurationIsVisible = 0;
			defaultConfigurationName = Release;
		};
/* End XCConfigurationList section */
	};
	rootObject = E9C987622459277D001F1DA6 /* Project object */;
}
